
Microsoft Visual Studio Solution File, Format Version 12.00
# Visual Studio Version 16
VisualStudioVersion = 16.0.33529.622
MinimumVisualStudioVersion = 10.0.40219.1
Project("{8BC9CEB8-8B4A-11D0-8D11-00A0C91BC942}") = "Enclave", "Enclave\Enclave.vcxproj", "{3C00726E-A6A6-452F-9A78-237860DFB593}"
EndProject
Project("{8BC9CEB8-8B4A-11D0-8D11-00A0C91BC942}") = "MyApp", "MyApp\MyApp.vcxproj", "{44D96638-E11C-4506-ADF8-EFDDE1E1FF4C}"
EndProject
Global
	GlobalSection(SolutionConfigurationPlatforms) = preSolution
		CVE-2020-0551-CF-Prerelease|x64 = CVE-2020-0551-CF-Prerelease|x64
		CVE-2020-0551-CF-Prerelease|x86 = CVE-2020-0551-CF-Prerelease|x86
		CVE-2020-0551-CF-Release|x64 = CVE-2020-0551-CF-Release|x64
		CVE-2020-0551-CF-Release|x86 = CVE-2020-0551-CF-Release|x86
		CVE-2020-0551-Load-Prerelease|x64 = CVE-2020-0551-Load-Prerelease|x64
		CVE-2020-0551-Load-Prerelease|x86 = CVE-2020-0551-Load-Prerelease|x86
		CVE-2020-0551-Load-Release|x64 = CVE-2020-0551-Load-Release|x64
		CVE-2020-0551-Load-Release|x86 = CVE-2020-0551-Load-Release|x86
		Debug|x64 = Debug|x64
		Debug|x86 = Debug|x86
		Prerelease|x64 = Prerelease|x64
		Prerelease|x86 = Prerelease|x86
		Release|x64 = Release|x64
		Release|x86 = Release|x86
		Simulation|x64 = Simulation|x64
		Simulation|x86 = Simulation|x86
	EndGlobalSection
	GlobalSection(ProjectConfigurationPlatforms) = postSolution
		{3C00726E-A6A6-452F-9A78-237860DFB593}.CVE-2020-0551-CF-Prerelease|x64.ActiveCfg = CVE-2020-0551-CF-Prerelease|x64
		{3C00726E-A6A6-452F-9A78-237860DFB593}.CVE-2020-0551-CF-Prerelease|x64.Build.0 = CVE-2020-0551-CF-Prerelease|x64
		{3C00726E-A6A6-452F-9A78-237860DFB593}.CVE-2020-0551-CF-Prerelease|x86.ActiveCfg = CVE-2020-0551-CF-Prerelease|x64
		{3C00726E-A6A6-452F-9A78-237860DFB593}.CVE-2020-0551-CF-Release|x64.ActiveCfg = CVE-2020-0551-CF-Release|x64
		{3C00726E-A6A6-452F-9A78-237860DFB593}.CVE-2020-0551-CF-Release|x64.Build.0 = CVE-2020-0551-CF-Release|x64
		{3C00726E-A6A6-452F-9A78-237860DFB593}.CVE-2020-0551-CF-Release|x86.ActiveCfg = CVE-2020-0551-CF-Release|x64
		{3C00726E-A6A6-452F-9A78-237860DFB593}.CVE-2020-0551-Load-Prerelease|x64.ActiveCfg = CVE-2020-0551-Load-Prerelease|x64
		{3C00726E-A6A6-452F-9A78-237860DFB593}.CVE-2020-0551-Load-Prerelease|x64.Build.0 = CVE-2020-0551-Load-Prerelease|x64
		{3C00726E-A6A6-452F-9A78-237860DFB593}.CVE-2020-0551-Load-Prerelease|x86.ActiveCfg = CVE-2020-0551-Load-Prerelease|x64
		{3C00726E-A6A6-452F-9A78-237860DFB593}.CVE-2020-0551-Load-Release|x64.ActiveCfg = CVE-2020-0551-Load-Release|x64
		{3C00726E-A6A6-452F-9A78-237860DFB593}.CVE-2020-0551-Load-Release|x64.Build.0 = CVE-2020-0551-Load-Release|x64
		{3C00726E-A6A6-452F-9A78-237860DFB593}.CVE-2020-0551-Load-Release|x86.ActiveCfg = CVE-2020-0551-Load-Release|x64
		{3C00726E-A6A6-452F-9A78-237860DFB593}.Debug|x64.ActiveCfg = Debug|x64
		{3C00726E-A6A6-452F-9A78-237860DFB593}.Debug|x64.Build.0 = Debug|x64
		{3C00726E-A6A6-452F-9A78-237860DFB593}.Debug|x86.ActiveCfg = Debug|Win32
		{3C00726E-A6A6-452F-9A78-237860DFB593}.Debug|x86.Build.0 = Debug|Win32
		{3C00726E-A6A6-452F-9A78-237860DFB593}.Prerelease|x64.ActiveCfg = Prerelease|x64
		{3C00726E-A6A6-452F-9A78-237860DFB593}.Prerelease|x64.Build.0 = Prerelease|x64
		{3C00726E-A6A6-452F-9A78-237860DFB593}.Prerelease|x86.ActiveCfg = Prerelease|Win32
		{3C00726E-A6A6-452F-9A78-237860DFB593}.Prerelease|x86.Build.0 = Prerelease|Win32
		{3C00726E-A6A6-452F-9A78-237860DFB593}.Release|x64.ActiveCfg = Release|x64
		{3C00726E-A6A6-452F-9A78-237860DFB593}.Release|x64.Build.0 = Release|x64
		{3C00726E-A6A6-452F-9A78-237860DFB593}.Release|x86.ActiveCfg = Release|Win32
		{3C00726E-A6A6-452F-9A78-237860DFB593}.Release|x86.Build.0 = Release|Win32
		{3C00726E-A6A6-452F-9A78-237860DFB593}.Simulation|x64.ActiveCfg = Simulation|x64
		{3C00726E-A6A6-452F-9A78-237860DFB593}.Simulation|x64.Build.0 = Simulation|x64
		{3C00726E-A6A6-452F-9A78-237860DFB593}.Simulation|x86.ActiveCfg = Simulation|Win32
		{3C00726E-A6A6-452F-9A78-237860DFB593}.Simulation|x86.Build.0 = Simulation|Win32
		{44D96638-E11C-4506-ADF8-EFDDE1E1FF4C}.CVE-2020-0551-CF-Prerelease|x64.ActiveCfg = Debug|x64
		{44D96638-E11C-4506-ADF8-EFDDE1E1FF4C}.CVE-2020-0551-CF-Prerelease|x64.Build.0 = Debug|x64
		{44D96638-E11C-4506-ADF8-EFDDE1E1FF4C}.CVE-2020-0551-CF-Prerelease|x86.ActiveCfg = Debug|Win32
		{44D96638-E11C-4506-ADF8-EFDDE1E1FF4C}.CVE-2020-0551-CF-Prerelease|x86.Build.0 = Debug|Win32
		{44D96638-E11C-4506-ADF8-EFDDE1E1FF4C}.CVE-2020-0551-CF-Release|x64.ActiveCfg = Release|x64
		{44D96638-E11C-4506-ADF8-EFDDE1E1FF4C}.CVE-2020-0551-CF-Release|x64.Build.0 = Release|x64
		{44D96638-E11C-4506-ADF8-EFDDE1E1FF4C}.CVE-2020-0551-CF-Release|x86.ActiveCfg = Release|Win32
		{44D96638-E11C-4506-ADF8-EFDDE1E1FF4C}.CVE-2020-0551-CF-Release|x86.Build.0 = Release|Win32
		{44D96638-E11C-4506-ADF8-EFDDE1E1FF4C}.CVE-2020-0551-Load-Prerelease|x64.ActiveCfg = Debug|x64
		{44D96638-E11C-4506-ADF8-EFDDE1E1FF4C}.CVE-2020-0551-Load-Prerelease|x64.Build.0 = Debug|x64
		{44D96638-E11C-4506-ADF8-EFDDE1E1FF4C}.CVE-2020-0551-Load-Prerelease|x86.ActiveCfg = Debug|Win32
		{44D96638-E11C-4506-ADF8-EFDDE1E1FF4C}.CVE-2020-0551-Load-Prerelease|x86.Build.0 = Debug|Win32
		{44D96638-E11C-4506-ADF8-EFDDE1E1FF4C}.CVE-2020-0551-Load-Release|x64.ActiveCfg = Release|x64
		{44D96638-E11C-4506-ADF8-EFDDE1E1FF4C}.CVE-2020-0551-Load-Release|x64.Build.0 = Release|x64
		{44D96638-E11C-4506-ADF8-EFDDE1E1FF4C}.CVE-2020-0551-Load-Release|x86.ActiveCfg = Release|Win32
		{44D96638-E11C-4506-ADF8-EFDDE1E1FF4C}.CVE-2020-0551-Load-Release|x86.Build.0 = Release|Win32
		{44D96638-E11C-4506-ADF8-EFDDE1E1FF4C}.Debug|x64.ActiveCfg = Debug|x64
		{44D96638-E11C-4506-ADF8-EFDDE1E1FF4C}.Debug|x64.Build.0 = Debug|x64
		{44D96638-E11C-4506-ADF8-EFDDE1E1FF4C}.Debug|x86.ActiveCfg = Debug|Win32
		{44D96638-E11C-4506-ADF8-EFDDE1E1FF4C}.Debug|x86.Build.0 = Debug|Win32
		{44D96638-E11C-4506-ADF8-EFDDE1E1FF4C}.Prerelease|x64.ActiveCfg = Debug|x64
		{44D96638-E11C-4506-ADF8-EFDDE1E1FF4C}.Prerelease|x64.Build.0 = Debug|x64
		{44D96638-E11C-4506-ADF8-EFDDE1E1FF4C}.Prerelease|x86.ActiveCfg = Debug|Win32
		{44D96638-E11C-4506-ADF8-EFDDE1E1FF4C}.Prerelease|x86.Build.0 = Debug|Win32
		{44D96638-E11C-4506-ADF8-EFDDE1E1FF4C}.Release|x64.ActiveCfg = Release|x64
		{44D96638-E11C-4506-ADF8-EFDDE1E1FF4C}.Release|x64.Build.0 = Release|x64
		{44D96638-E11C-4506-ADF8-EFDDE1E1FF4C}.Release|x86.ActiveCfg = Release|Win32
		{44D96638-E11C-4506-ADF8-EFDDE1E1FF4C}.Release|x86.Build.0 = Release|Win32
		{44D96638-E11C-4506-ADF8-EFDDE1E1FF4C}.Simulation|x64.ActiveCfg = Debug|x64
		{44D96638-E11C-4506-ADF8-EFDDE1E1FF4C}.Simulation|x64.Build.0 = Debug|x64
		{44D96638-E11C-4506-ADF8-EFDDE1E1FF4C}.Simulation|x86.ActiveCfg = Debug|Win32
		{44D96638-E11C-4506-ADF8-EFDDE1E1FF4C}.Simulation|x86.Build.0 = Debug|Win32
	EndGlobalSection
	GlobalSection(SolutionProperties) = preSolution
		HideSolutionNode = FALSE
	EndGlobalSection
	GlobalSection(ExtensibilityGlobals) = postSolution
		SolutionGuid = {5A057E73-5AA4-4012-923E-431678CC5A23}
	EndGlobalSection
EndGlobal
